
Microsoft Visual Studio Solution File, Format Version 12.00
# Visual Studio 2013
VisualStudioVersion = 12.0.40629.0
MinimumVisualStudioVersion = 10.0.40219.1
Project("{FAE04EC0-301F-11D3-BF4B-00C04F79EFBC}") = "SensHub API", "SensHub API\SensHub API.csproj", "{92D8EC14-FD7B-4328-9798-1397E4810775}"
EndProject
Project("{FAE04EC0-301F-11D3-BF4B-00C04F79EFBC}") = "SensHub Server", "SensHub Server\SensHub Server.csproj", "{2DC7FB75-9834-4BEE-814E-7A3C55E1FA25}"
EndProject
Project("{FAE04EC0-301F-11D3-BF4B-00C04F79EFBC}") = "Slack", "Plugins\Slack\Slack.csproj", "{E0176958-94C4-491A-A0DA-42D1BE82B93E}"
EndProject
Project("{FAE04EC0-301F-11D3-BF4B-00C04F79EFBC}") = "IotWeb Portable", "..\iotweb\IotWeb Portable\IotWeb Portable.csproj", "{E788CA1A-9838-48A1-A961-1137E74EAF70}"
EndProject
Project("{FAE04EC0-301F-11D3-BF4B-00C04F79EFBC}") = "IotWeb NET45", "..\iotweb\IotWeb NET45\IotWeb NET45.csproj", "{33F56077-18E3-414D-BCC1-496790AAEA93}"
EndProject
Project("{FAE04EC0-301F-11D3-BF4B-00C04F79EFBC}") = "SensHub Core", "SensHub Core\SensHub Core.csproj", "{64E7EA6C-A996-4DAC-BA1A-7823B6667B3E}"
EndProject
Global
	GlobalSection(SolutionConfigurationPlatforms) = preSolution
		Debug|Any CPU = Debug|Any CPU
		Release|Any CPU = Release|Any CPU
	EndGlobalSection
	GlobalSection(ProjectConfigurationPlatforms) = postSolution
		{92D8EC14-FD7B-4328-9798-1397E4810775}.Debug|Any CPU.ActiveCfg = Debug|Any CPU
		{92D8EC14-FD7B-4328-9798-1397E4810775}.Debug|Any CPU.Build.0 = Debug|Any CPU
		{92D8EC14-FD7B-4328-9798-1397E4810775}.Release|Any CPU.ActiveCfg = Release|Any CPU
		{92D8EC14-FD7B-4328-9798-1397E4810775}.Release|Any CPU.Build.0 = Release|Any CPU
		{2DC7FB75-9834-4BEE-814E-7A3C55E1FA25}.Debug|Any CPU.ActiveCfg = Debug|Any CPU
		{2DC7FB75-9834-4BEE-814E-7A3C55E1FA25}.Debug|Any CPU.Build.0 = Debug|Any CPU
		{2DC7FB75-9834-4BEE-814E-7A3C55E1FA25}.Release|Any CPU.ActiveCfg = Release|Any CPU
		{2DC7FB75-9834-4BEE-814E-7A3C55E1FA25}.Release|Any CPU.Build.0 = Release|Any CPU
		{E0176958-94C4-491A-A0DA-42D1BE82B93E}.Debug|Any CPU.ActiveCfg = Debug|Any CPU
		{E0176958-94C4-491A-A0DA-42D1BE82B93E}.Debug|Any CPU.Build.0 = Debug|Any CPU
		{E0176958-94C4-491A-A0DA-42D1BE82B93E}.Release|Any CPU.ActiveCfg = Release|Any CPU
		{E0176958-94C4-491A-A0DA-42D1BE82B93E}.Release|Any CPU.Build.0 = Release|Any CPU
		{E788CA1A-9838-48A1-A961-1137E74EAF70}.Debug|Any CPU.ActiveCfg = Debug|Any CPU
		{E788CA1A-9838-48A1-A961-1137E74EAF70}.Debug|Any CPU.Build.0 = Debug|Any CPU
		{E788CA1A-9838-48A1-A961-1137E74EAF70}.Release|Any CPU.ActiveCfg = Release|Any CPU
		{E788CA1A-9838-48A1-A961-1137E74EAF70}.Release|Any CPU.Build.0 = Release|Any CPU
		{33F56077-18E3-414D-BCC1-496790AAEA93}.Debug|Any CPU.ActiveCfg = Debug|Any CPU
		{33F56077-18E3-414D-BCC1-496790AAEA93}.Debug|Any CPU.Build.0 = Debug|Any CPU
		{33F56077-18E3-414D-BCC1-496790AAEA93}.Release|Any CPU.ActiveCfg = Release|Any CPU
		{33F56077-18E3-414D-BCC1-496790AAEA93}.Release|Any CPU.Build.0 = Release|Any CPU
		{64E7EA6C-A996-4DAC-BA1A-7823B6667B3E}.Debug|Any CPU.ActiveCfg = Debug|Any CPU
		{64E7EA6C-A996-4DAC-BA1A-7823B6667B3E}.Debug|Any CPU.Build.0 = Debug|Any CPU
		{64E7EA6C-A996-4DAC-BA1A-7823B6667B3E}.Release|Any CPU.ActiveCfg = Release|Any CPU
		{64E7EA6C-A996-4DAC-BA1A-7823B6667B3E}.Release|Any CPU.Build.0 = Release|Any CPU
	EndGlobalSection
	GlobalSection(SolutionProperties) = preSolution
		HideSolutionNode = FALSE
	EndGlobalSection
EndGlobal
