
Microsoft Visual Studio Solution File, Format Version 12.00
# Visual Studio 2013
VisualStudioVersion = 12.0.40629.0
MinimumVisualStudioVersion = 10.0.40219.1
Project("{FAE04EC0-301F-11D3-BF4B-00C04F79EFBC}") = "SensHub", "SensHub\SensHub.csproj", "{2DC7FB75-9834-4BEE-814E-7A3C55E1FA25}"
EndProject
Project("{FAE04EC0-301F-11D3-BF4B-00C04F79EFBC}") = "Utilities", "Utilities\Utilities.csproj", "{E9C15121-DCA3-4EBC-877E-513FCB335723}"
EndProject
Project("{FAE04EC0-301F-11D3-BF4B-00C04F79EFBC}") = "Services", "Services\Services.csproj", "{1B4A644C-7EF7-49C7-A3CC-7E821FE18874}"
EndProject
Global
	GlobalSection(SolutionConfigurationPlatforms) = preSolution
		Debug|Any CPU = Debug|Any CPU
		Release|Any CPU = Release|Any CPU
	EndGlobalSection
	GlobalSection(ProjectConfigurationPlatforms) = postSolution
		{2DC7FB75-9834-4BEE-814E-7A3C55E1FA25}.Debug|Any CPU.ActiveCfg = Debug|Any CPU
		{2DC7FB75-9834-4BEE-814E-7A3C55E1FA25}.Debug|Any CPU.Build.0 = Debug|Any CPU
		{2DC7FB75-9834-4BEE-814E-7A3C55E1FA25}.Release|Any CPU.ActiveCfg = Release|Any CPU
		{2DC7FB75-9834-4BEE-814E-7A3C55E1FA25}.Release|Any CPU.Build.0 = Release|Any CPU
		{E9C15121-DCA3-4EBC-877E-513FCB335723}.Debug|Any CPU.ActiveCfg = Debug|Any CPU
		{E9C15121-DCA3-4EBC-877E-513FCB335723}.Debug|Any CPU.Build.0 = Debug|Any CPU
		{E9C15121-DCA3-4EBC-877E-513FCB335723}.Release|Any CPU.ActiveCfg = Release|Any CPU
		{E9C15121-DCA3-4EBC-877E-513FCB335723}.Release|Any CPU.Build.0 = Release|Any CPU
		{1B4A644C-7EF7-49C7-A3CC-7E821FE18874}.Debug|Any CPU.ActiveCfg = Debug|Any CPU
		{1B4A644C-7EF7-49C7-A3CC-7E821FE18874}.Debug|Any CPU.Build.0 = Debug|Any CPU
		{1B4A644C-7EF7-49C7-A3CC-7E821FE18874}.Release|Any CPU.ActiveCfg = Release|Any CPU
		{1B4A644C-7EF7-49C7-A3CC-7E821FE18874}.Release|Any CPU.Build.0 = Release|Any CPU
	EndGlobalSection
	GlobalSection(SolutionProperties) = preSolution
		HideSolutionNode = FALSE
	EndGlobalSection
EndGlobal
